// !$*UTF8*$!
{
	archiveVersion = 1;
	classes = {
	};
	objectVersion = 56;
	objects = {

/* Begin PBXBuildFile section */
		D71AE8AE2B1DCFAA00A1BD68 /* AppDelegate.swift in Sources */ = {isa = PBXBuildFile; fileRef = D71AE8AD2B1DCFAA00A1BD68 /* AppDelegate.swift */; };
		D71AE8B02B1DCFAA00A1BD68 /* SceneDelegate.swift in Sources */ = {isa = PBXBuildFile; fileRef = D71AE8AF2B1DCFAA00A1BD68 /* SceneDelegate.swift */; };
		D71AE8B22B1DCFAA00A1BD68 /* ViewController.swift in Sources */ = {isa = PBXBuildFile; fileRef = D71AE8B12B1DCFAA00A1BD68 /* ViewController.swift */; };
		D71AE8B52B1DCFAA00A1BD68 /* Main.storyboard in Resources */ = {isa = PBXBuildFile; fileRef = D71AE8B32B1DCFAA00A1BD68 /* Main.storyboard */; };
		D71AE8B72B1DCFAC00A1BD68 /* Assets.xcassets in Resources */ = {isa = PBXBuildFile; fileRef = D71AE8B62B1DCFAC00A1BD68 /* Assets.xcassets */; };
		D71AE8BA2B1DCFAC00A1BD68 /* LaunchScreen.storyboard in Resources */ = {isa = PBXBuildFile; fileRef = D71AE8B82B1DCFAC00A1BD68 /* LaunchScreen.storyboard */; };
		D71AE8C72B1EF62900A1BD68 /* DSMenuView.storyboard in Resources */ = {isa = PBXBuildFile; fileRef = D71AE8C42B1EF62900A1BD68 /* DSMenuView.storyboard */; };
		D71AE8C82B1EF62900A1BD68 /* DSMenuView.swift in Sources */ = {isa = PBXBuildFile; fileRef = D71AE8C52B1EF62900A1BD68 /* DSMenuView.swift */; };
		D71AE8C92B1EF62900A1BD68 /* DSMenu.swift in Sources */ = {isa = PBXBuildFile; fileRef = D71AE8C62B1EF62900A1BD68 /* DSMenu.swift */; };
		D71AE8CB2B1F3E5700A1BD68 /* TableViewAnimator.swift in Sources */ = {isa = PBXBuildFile; fileRef = D71AE8CA2B1F3E5700A1BD68 /* TableViewAnimator.swift */; };
		D71AE8CD2B20453800A1BD68 /* IconTextButton.swift in Sources */ = {isa = PBXBuildFile; fileRef = D71AE8CC2B20453800A1BD68 /* IconTextButton.swift */; };
		D71AE8CF2B2046D800A1BD68 /* CustomAnimatedView.swift in Sources */ = {isa = PBXBuildFile; fileRef = D71AE8CE2B2046D800A1BD68 /* CustomAnimatedView.swift */; };
/* End PBXBuildFile section */

/* Begin PBXFileReference section */
		D71AE8AA2B1DCFAA00A1BD68 /* Dashboard Menu Buttons New.app */ = {isa = PBXFileReference; explicitFileType = wrapper.application; includeInIndex = 0; path = "Dashboard Menu Buttons New.app"; sourceTree = BUILT_PRODUCTS_DIR; };
		D71AE8AD2B1DCFAA00A1BD68 /* AppDelegate.swift */ = {isa = PBXFileReference; lastKnownFileType = sourcecode.swift; path = AppDelegate.swift; sourceTree = "<group>"; };
		D71AE8AF2B1DCFAA00A1BD68 /* SceneDelegate.swift */ = {isa = PBXFileReference; lastKnownFileType = sourcecode.swift; path = SceneDelegate.swift; sourceTree = "<group>"; };
		D71AE8B12B1DCFAA00A1BD68 /* ViewController.swift */ = {isa = PBXFileReference; lastKnownFileType = sourcecode.swift; path = ViewController.swift; sourceTree = "<group>"; };
		D71AE8B42B1DCFAA00A1BD68 /* Base */ = {isa = PBXFileReference; lastKnownFileType = file.storyboard; name = Base; path = Base.lproj/Main.storyboard; sourceTree = "<group>"; };
		D71AE8B62B1DCFAC00A1BD68 /* Assets.xcassets */ = {isa = PBXFileReference; lastKnownFileType = folder.assetcatalog; path = Assets.xcassets; sourceTree = "<group>"; };
		D71AE8B92B1DCFAC00A1BD68 /* Base */ = {isa = PBXFileReference; lastKnownFileType = file.storyboard; name = Base; path = Base.lproj/LaunchScreen.storyboard; sourceTree = "<group>"; };
		D71AE8BB2B1DCFAC00A1BD68 /* Info.plist */ = {isa = PBXFileReference; lastKnownFileType = text.plist.xml; path = Info.plist; sourceTree = "<group>"; };
		D71AE8C42B1EF62900A1BD68 /* DSMenuView.storyboard */ = {isa = PBXFileReference; fileEncoding = 4; lastKnownFileType = file.storyboard; path = DSMenuView.storyboard; sourceTree = "<group>"; };
		D71AE8C52B1EF62900A1BD68 /* DSMenuView.swift */ = {isa = PBXFileReference; fileEncoding = 4; lastKnownFileType = sourcecode.swift; path = DSMenuView.swift; sourceTree = "<group>"; };
		D71AE8C62B1EF62900A1BD68 /* DSMenu.swift */ = {isa = PBXFileReference; fileEncoding = 4; lastKnownFileType = sourcecode.swift; path = DSMenu.swift; sourceTree = "<group>"; };
		D71AE8CA2B1F3E5700A1BD68 /* TableViewAnimator.swift */ = {isa = PBXFileReference; lastKnownFileType = sourcecode.swift; path = TableViewAnimator.swift; sourceTree = "<group>"; };
		D71AE8CC2B20453800A1BD68 /* IconTextButton.swift */ = {isa = PBXFileReference; fileEncoding = 4; lastKnownFileType = sourcecode.swift; path = IconTextButton.swift; sourceTree = "<group>"; };
		D71AE8CE2B2046D800A1BD68 /* CustomAnimatedView.swift */ = {isa = PBXFileReference; fileEncoding = 4; lastKnownFileType = sourcecode.swift; path = CustomAnimatedView.swift; sourceTree = "<group>"; };
/* End PBXFileReference section */

/* Begin PBXFrameworksBuildPhase section */
		D71AE8A72B1DCFAA00A1BD68 /* Frameworks */ = {
			isa = PBXFrameworksBuildPhase;
			buildActionMask = 2147483647;
			files = (
			);
			runOnlyForDeploymentPostprocessing = 0;
		};
/* End PBXFrameworksBuildPhase section */

/* Begin PBXGroup section */
		D71AE8A12B1DCFAA00A1BD68 = {
			isa = PBXGroup;
			children = (
				D71AE8AC2B1DCFAA00A1BD68 /* Dashboard Menu Buttons New */,
				D71AE8AB2B1DCFAA00A1BD68 /* Products */,
			);
			sourceTree = "<group>";
		};
		D71AE8AB2B1DCFAA00A1BD68 /* Products */ = {
			isa = PBXGroup;
			children = (
				D71AE8AA2B1DCFAA00A1BD68 /* Dashboard Menu Buttons New.app */,
			);
			name = Products;
			sourceTree = "<group>";
		};
		D71AE8AC2B1DCFAA00A1BD68 /* Dashboard Menu Buttons New */ = {
			isa = PBXGroup;
			children = (
				D71AE8C32B1EF5F200A1BD68 /* Menu */,
				D71AE8AD2B1DCFAA00A1BD68 /* AppDelegate.swift */,
				D71AE8CE2B2046D800A1BD68 /* CustomAnimatedView.swift */,
				D71AE8CC2B20453800A1BD68 /* IconTextButton.swift */,
				D71AE8AF2B1DCFAA00A1BD68 /* SceneDelegate.swift */,
				D71AE8B12B1DCFAA00A1BD68 /* ViewController.swift */,
				D71AE8B32B1DCFAA00A1BD68 /* Main.storyboard */,
				D71AE8B62B1DCFAC00A1BD68 /* Assets.xcassets */,
				D71AE8B82B1DCFAC00A1BD68 /* LaunchScreen.storyboard */,
				D71AE8BB2B1DCFAC00A1BD68 /* Info.plist */,
			);
			path = "Dashboard Menu Buttons New";
			sourceTree = "<group>";
		};
		D71AE8C32B1EF5F200A1BD68 /* Menu */ = {
			isa = PBXGroup;
			children = (
				D71AE8C62B1EF62900A1BD68 /* DSMenu.swift */,
				D71AE8C42B1EF62900A1BD68 /* DSMenuView.storyboard */,
				D71AE8C52B1EF62900A1BD68 /* DSMenuView.swift */,
				D71AE8CA2B1F3E5700A1BD68 /* TableViewAnimator.swift */,
			);
			path = Menu;
			sourceTree = "<group>";
		};
/* End PBXGroup section */

/* Begin PBXNativeTarget section */
		D71AE8A92B1DCFAA00A1BD68 /* Dashboard Menu Buttons New */ = {
			isa = PBXNativeTarget;
			buildConfigurationList = D71AE8BE2B1DCFAC00A1BD68 /* Build configuration list for PBXNativeTarget "Dashboard Menu Buttons New" */;
			buildPhases = (
				D71AE8A62B1DCFAA00A1BD68 /* Sources */,
				D71AE8A72B1DCFAA00A1BD68 /* Frameworks */,
				D71AE8A82B1DCFAA00A1BD68 /* Resources */,
			);
			buildRules = (
			);
			dependencies = (
			);
			name = "Dashboard Menu Buttons New";
			productName = "Dashboard Menu Buttons New";
			productReference = D71AE8AA2B1DCFAA00A1BD68 /* Dashboard Menu Buttons New.app */;
			productType = "com.apple.product-type.application";
		};
/* End PBXNativeTarget section */

/* Begin PBXProject section */
		D71AE8A22B1DCFAA00A1BD68 /* Project object */ = {
			isa = PBXProject;
			attributes = {
				BuildIndependentTargetsInParallel = 1;
				LastSwiftUpdateCheck = 1500;
				LastUpgradeCheck = 1500;
				TargetAttributes = {
					D71AE8A92B1DCFAA00A1BD68 = {
						CreatedOnToolsVersion = 15.0.1;
					};
				};
			};
			buildConfigurationList = D71AE8A52B1DCFAA00A1BD68 /* Build configuration list for PBXProject "Dashboard Menu Buttons New" */;
			compatibilityVersion = "Xcode 14.0";
			developmentRegion = en;
			hasScannedForEncodings = 0;
			knownRegions = (
				en,
				Base,
			);
			mainGroup = D71AE8A12B1DCFAA00A1BD68;
			productRefGroup = D71AE8AB2B1DCFAA00A1BD68 /* Products */;
			projectDirPath = "";
			projectRoot = "";
			targets = (
				D71AE8A92B1DCFAA00A1BD68 /* Dashboard Menu Buttons New */,
			);
		};
/* End PBXProject section */

/* Begin PBXResourcesBuildPhase section */
		D71AE8A82B1DCFAA00A1BD68 /* Resources */ = {
			isa = PBXResourcesBuildPhase;
			buildActionMask = 2147483647;
			files = (
				D71AE8BA2B1DCFAC00A1BD68 /* LaunchScreen.storyboard in Resources */,
				D71AE8B72B1DCFAC00A1BD68 /* Assets.xcassets in Resources */,
				D71AE8B52B1DCFAA00A1BD68 /* Main.storyboard in Resources */,
				D71AE8C72B1EF62900A1BD68 /* DSMenuView.storyboard in Resources */,
			);
			runOnlyForDeploymentPostprocessing = 0;
		};
/* End PBXResourcesBuildPhase section */

/* Begin PBXSourcesBuildPhase section */
		D71AE8A62B1DCFAA00A1BD68 /* Sources */ = {
			isa = PBXSourcesBuildPhase;
			buildActionMask = 2147483647;
			files = (
				D71AE8C82B1EF62900A1BD68 /* DSMenuView.swift in Sources */,
				D71AE8B22B1DCFAA00A1BD68 /* ViewController.swift in Sources */,
				D71AE8C92B1EF62900A1BD68 /* DSMenu.swift in Sources */,
				D71AE8CB2B1F3E5700A1BD68 /* TableViewAnimator.swift in Sources */,
				D71AE8AE2B1DCFAA00A1BD68 /* AppDelegate.swift in Sources */,
				D71AE8B02B1DCFAA00A1BD68 /* SceneDelegate.swift in Sources */,
				D71AE8CD2B20453800A1BD68 /* IconTextButton.swift in Sources */,
				D71AE8CF2B2046D800A1BD68 /* CustomAnimatedView.swift in Sources */,
			);
			runOnlyForDeploymentPostprocessing = 0;
		};
/* End PBXSourcesBuildPhase section */

/* Begin PBXVariantGroup section */
		D71AE8B32B1DCFAA00A1BD68 /* Main.storyboard */ = {
			isa = PBXVariantGroup;
			children = (
				D71AE8B42B1DCFAA00A1BD68 /* Base */,
			);
			name = Main.storyboard;
			sourceTree = "<group>";
		};
		D71AE8B82B1DCFAC00A1BD68 /* LaunchScreen.storyboard */ = {
			isa = PBXVariantGroup;
			children = (
				D71AE8B92B1DCFAC00A1BD68 /* Base */,
			);
			name = LaunchScreen.storyboard;
			sourceTree = "<group>";
		};
/* End PBXVariantGroup section */

/* Begin XCBuildConfiguration section */
		D71AE8BC2B1DCFAC00A1BD68 /* Debug */ = {
			isa = XCBuildConfiguration;
			buildSettings = {
				ALWAYS_SEARCH_USER_PATHS = NO;
				ASSETCATALOG_COMPILER_GENERATE_SWIFT_ASSET_SYMBOL_EXTENSIONS = YES;
				CLANG_ANALYZER_NONNULL = YES;
				CLANG_ANALYZER_NUMBER_OBJECT_CONVERSION = YES_AGGRESSIVE;
				CLANG_CXX_LANGUAGE_STANDARD = "gnu++20";
				CLANG_ENABLE_MODULES = YES;
				CLANG_ENABLE_OBJC_ARC = YES;
				CLANG_ENABLE_OBJC_WEAK = YES;
				CLANG_WARN_BLOCK_CAPTURE_AUTORELEASING = YES;
				CLANG_WARN_BOOL_CONVERSION = YES;
				CLANG_WARN_COMMA = YES;
				CLANG_WARN_CONSTANT_CONVERSION = YES;
				CLANG_WARN_DEPRECATED_OBJC_IMPLEMENTATIONS = YES;
				CLANG_WARN_DIRECT_OBJC_ISA_USAGE = YES_ERROR;
				CLANG_WARN_DOCUMENTATION_COMMENTS = YES;
				CLANG_WARN_EMPTY_BODY = YES;
				CLANG_WARN_ENUM_CONVERSION = YES;
				CLANG_WARN_INFINITE_RECURSION = YES;
				CLANG_WARN_INT_CONVERSION = YES;
				CLANG_WARN_NON_LITERAL_NULL_CONVERSION = YES;
				CLANG_WARN_OBJC_IMPLICIT_RETAIN_SELF = YES;
				CLANG_WARN_OBJC_LITERAL_CONVERSION = YES;
				CLANG_WARN_OBJC_ROOT_CLASS = YES_ERROR;
				CLANG_WARN_QUOTED_INCLUDE_IN_FRAMEWORK_HEADER = YES;
				CLANG_WARN_RANGE_LOOP_ANALYSIS = YES;
				CLANG_WARN_STRICT_PROTOTYPES = YES;
				CLANG_WARN_SUSPICIOUS_MOVE = YES;
				CLANG_WARN_UNGUARDED_AVAILABILITY = YES_AGGRESSIVE;
				CLANG_WARN_UNREACHABLE_CODE = YES;
				CLANG_WARN__DUPLICATE_METHOD_MATCH = YES;
				COPY_PHASE_STRIP = NO;
				DEBUG_INFORMATION_FORMAT = dwarf;
				ENABLE_STRICT_OBJC_MSGSEND = YES;
				ENABLE_TESTABILITY = YES;
				ENABLE_USER_SCRIPT_SANDBOXING = YES;
				GCC_C_LANGUAGE_STANDARD = gnu17;
				GCC_DYNAMIC_NO_PIC = NO;
				GCC_NO_COMMON_BLOCKS = YES;
				GCC_OPTIMIZATION_LEVEL = 0;
				GCC_PREPROCESSOR_DEFINITIONS = (
					"DEBUG=1",
					"$(inherited)",
				);
				GCC_WARN_64_TO_32_BIT_CONVERSION = YES;
				GCC_WARN_ABOUT_RETURN_TYPE = YES_ERROR;
				GCC_WARN_UNDECLARED_SELECTOR = YES;
				GCC_WARN_UNINITIALIZED_AUTOS = YES_AGGRESSIVE;
				GCC_WARN_UNUSED_FUNCTION = YES;
				GCC_WARN_UNUSED_VARIABLE = YES;
				IPHONEOS_DEPLOYMENT_TARGET = 17.0;
				LOCALIZATION_PREFERS_STRING_CATALOGS = YES;
				MTL_ENABLE_DEBUG_INFO = INCLUDE_SOURCE;
				MTL_FAST_MATH = YES;
				ONLY_ACTIVE_ARCH = YES;
				SDKROOT = iphoneos;
				SWIFT_ACTIVE_COMPILATION_CONDITIONS = "DEBUG $(inherited)";
				SWIFT_OPTIMIZATION_LEVEL = "-Onone";
			};
			name = Debug;
		};
		D71AE8BD2B1DCFAC00A1BD68 /* Release */ = {
			isa = XCBuildConfiguration;
			buildSettings = {
				ALWAYS_SEARCH_USER_PATHS = NO;
				ASSETCATALOG_COMPILER_GENERATE_SWIFT_ASSET_SYMBOL_EXTENSIONS = YES;
				CLANG_ANALYZER_NONNULL = YES;
				CLANG_ANALYZER_NUMBER_OBJECT_CONVERSION = YES_AGGRESSIVE;
				CLANG_CXX_LANGUAGE_STANDARD = "gnu++20";
				CLANG_ENABLE_MODULES = YES;
				CLANG_ENABLE_OBJC_ARC = YES;
				CLANG_ENABLE_OBJC_WEAK = YES;
				CLANG_WARN_BLOCK_CAPTURE_AUTORELEASING = YES;
				CLANG_WARN_BOOL_CONVERSION = YES;
				CLANG_WARN_COMMA = YES;
				CLANG_WARN_CONSTANT_CONVERSION = YES;
				CLANG_WARN_DEPRECATED_OBJC_IMPLEMENTATIONS = YES;
				CLANG_WARN_DIRECT_OBJC_ISA_USAGE = YES_ERROR;
				CLANG_WARN_DOCUMENTATION_COMMENTS = YES;
				CLANG_WARN_EMPTY_BODY = YES;
				CLANG_WARN_ENUM_CONVERSION = YES;
				CLANG_WARN_INFINITE_RECURSION = YES;
				CLANG_WARN_INT_CONVERSION = YES;
				CLANG_WARN_NON_LITERAL_NULL_CONVERSION = YES;
				CLANG_WARN_OBJC_IMPLICIT_RETAIN_SELF = YES;
				CLANG_WARN_OBJC_LITERAL_CONVERSION = YES;
				CLANG_WARN_OBJC_ROOT_CLASS = YES_ERROR;
				CLANG_WARN_QUOTED_INCLUDE_IN_FRAMEWORK_HEADER = YES;
				CLANG_WARN_RANGE_LOOP_ANALYSIS = YES;
				CLANG_WARN_STRICT_PROTOTYPES = YES;
				CLANG_WARN_SUSPICIOUS_MOVE = YES;
				CLANG_WARN_UNGUARDED_AVAILABILITY = YES_AGGRESSIVE;
				CLANG_WARN_UNREACHABLE_CODE = YES;
				CLANG_WARN__DUPLICATE_METHOD_MATCH = YES;
				COPY_PHASE_STRIP = NO;
				DEBUG_INFORMATION_FORMAT = "dwarf-with-dsym";
				ENABLE_NS_ASSERTIONS = NO;
				ENABLE_STRICT_OBJC_MSGSEND = YES;
				ENABLE_USER_SCRIPT_SANDBOXING = YES;
				GCC_C_LANGUAGE_STANDARD = gnu17;
				GCC_NO_COMMON_BLOCKS = YES;
				GCC_WARN_64_TO_32_BIT_CONVERSION = YES;
				GCC_WARN_ABOUT_RETURN_TYPE = YES_ERROR;
				GCC_WARN_UNDECLARED_SELECTOR = YES;
				GCC_WARN_UNINITIALIZED_AUTOS = YES_AGGRESSIVE;
				GCC_WARN_UNUSED_FUNCTION = YES;
				GCC_WARN_UNUSED_VARIABLE = YES;
				IPHONEOS_DEPLOYMENT_TARGET = 17.0;
				LOCALIZATION_PREFERS_STRING_CATALOGS = YES;
				MTL_ENABLE_DEBUG_INFO = NO;
				MTL_FAST_MATH = YES;
				SDKROOT = iphoneos;
				SWIFT_COMPILATION_MODE = wholemodule;
				VALIDATE_PRODUCT = YES;
			};
			name = Release;
		};
		D71AE8BF2B1DCFAC00A1BD68 /* Debug */ = {
			isa = XCBuildConfiguration;
			buildSettings = {
				ASSETCATALOG_COMPILER_APPICON_NAME = AppIcon;
				ASSETCATALOG_COMPILER_GLOBAL_ACCENT_COLOR_NAME = AccentColor;
				CODE_SIGN_STYLE = Automatic;
				CURRENT_PROJECT_VERSION = 1;
				DEVELOPMENT_TEAM = RA86KDCJ49;
				GENERATE_INFOPLIST_FILE = YES;
				INFOPLIST_FILE = "Dashboard Menu Buttons New/Info.plist";
				INFOPLIST_KEY_UIApplicationSupportsIndirectInputEvents = YES;
				INFOPLIST_KEY_UILaunchStoryboardName = LaunchScreen;
				INFOPLIST_KEY_UIMainStoryboardFile = Main;
				INFOPLIST_KEY_UISupportedInterfaceOrientations_iPad = "UIInterfaceOrientationPortrait UIInterfaceOrientationPortraitUpsideDown UIInterfaceOrientationLandscapeLeft UIInterfaceOrientationLandscapeRight";
				INFOPLIST_KEY_UISupportedInterfaceOrientations_iPhone = "UIInterfaceOrientationPortrait UIInterfaceOrientationLandscapeLeft UIInterfaceOrientationLandscapeRight";
				LD_RUNPATH_SEARCH_PATHS = (
					"$(inherited)",
					"@executable_path/Frameworks",
				);
				MARKETING_VERSION = 1.0;
				PRODUCT_BUNDLE_IDENTIFIER = "com.ios.richnotifications.Dashboard-Menu-Buttons-New";
				PRODUCT_NAME = "$(TARGET_NAME)";
				SWIFT_EMIT_LOC_STRINGS = YES;
				SWIFT_VERSION = 5.0;
				TARGETED_DEVICE_FAMILY = "1,2";
			};
			name = Debug;
		};
		D71AE8C02B1DCFAC00A1BD68 /* Release */ = {
			isa = XCBuildConfiguration;
			buildSettings = {
				ASSETCATALOG_COMPILER_APPICON_NAME = AppIcon;
				ASSETCATALOG_COMPILER_GLOBAL_ACCENT_COLOR_NAME = AccentColor;
				CODE_SIGN_STYLE = Automatic;
				CURRENT_PROJECT_VERSION = 1;
				DEVELOPMENT_TEAM = RA86KDCJ49;
				GENERATE_INFOPLIST_FILE = YES;
				INFOPLIST_FILE = "Dashboard Menu Buttons New/Info.plist";
				INFOPLIST_KEY_UIApplicationSupportsIndirectInputEvents = YES;
				INFOPLIST_KEY_UILaunchStoryboardName = LaunchScreen;
				INFOPLIST_KEY_UIMainStoryboardFile = Main;
				INFOPLIST_KEY_UISupportedInterfaceOrientations_iPad = "UIInterfaceOrientationPortrait UIInterfaceOrientationPortraitUpsideDown UIInterfaceOrientationLandscapeLeft UIInterfaceOrientationLandscapeRight";
				INFOPLIST_KEY_UISupportedInterfaceOrientations_iPhone = "UIInterfaceOrientationPortrait UIInterfaceOrientationLandscapeLeft UIInterfaceOrientationLandscapeRight";
				LD_RUNPATH_SEARCH_PATHS = (
					"$(inherited)",
					"@executable_path/Frameworks",
				);
				MARKETING_VERSION = 1.0;
				PRODUCT_BUNDLE_IDENTIFIER = "com.ios.richnotifications.Dashboard-Menu-Buttons-New";
				PRODUCT_NAME = "$(TARGET_NAME)";
				SWIFT_EMIT_LOC_STRINGS = YES;
				SWIFT_VERSION = 5.0;
				TARGETED_DEVICE_FAMILY = "1,2";
			};
			name = Release;
		};
/* End XCBuildConfiguration section */

/* Begin XCConfigurationList section */
		D71AE8A52B1DCFAA00A1BD68 /* Build configuration list for PBXProject "Dashboard Menu Buttons New" */ = {
			isa = XCConfigurationList;
			buildConfigurations = (
				D71AE8BC2B1DCFAC00A1BD68 /* Debug */,
				D71AE8BD2B1DCFAC00A1BD68 /* Release */,
			);
			defaultConfigurationIsVisible = 0;
			defaultConfigurationName = Release;
		};
		D71AE8BE2B1DCFAC00A1BD68 /* Build configuration list for PBXNativeTarget "Dashboard Menu Buttons New" */ = {
			isa = XCConfigurationList;
			buildConfigurations = (
				D71AE8BF2B1DCFAC00A1BD68 /* Debug */,
				D71AE8C02B1DCFAC00A1BD68 /* Release */,
			);
			defaultConfigurationIsVisible = 0;
			defaultConfigurationName = Release;
		};
/* End XCConfigurationList section */
	};
	rootObject = D71AE8A22B1DCFAA00A1BD68 /* Project object */;
}
